
Microsoft Visual Studio Solution File, Format Version 12.00
# Visual Studio Version 16
VisualStudioVersion = 16.0.31402.337
MinimumVisualStudioVersion = 10.0.40219.1
Project("{9A19103F-16F7-4668-BE54-9A1E7A4F7556}") = "SharedKernel", "SharedKernel\SharedKernel.csproj", "{4BA79AC9-B42E-452F-8063-9F43C45BAD20}"
EndProject
Project("{9A19103F-16F7-4668-BE54-9A1E7A4F7556}") = "Configuration.Domain", "Configuration.Domain\Configuration.Domain.csproj", "{8DE6ABE6-0F68-482F-8437-6C8A6F01FEF0}"
EndProject
Project("{FAE04EC0-301F-11D3-BF4B-00C04F79EFBC}") = "Configuration.Test", "Configuration.Test\Configuration.Test.csproj", "{737D63F2-1972-4771-8207-8F149988240B}"
EndProject
Global
	GlobalSection(SolutionConfigurationPlatforms) = preSolution
		Debug|Any CPU = Debug|Any CPU
		Release|Any CPU = Release|Any CPU
	EndGlobalSection
	GlobalSection(ProjectConfigurationPlatforms) = postSolution
		{4BA79AC9-B42E-452F-8063-9F43C45BAD20}.Debug|Any CPU.ActiveCfg = Debug|Any CPU
		{4BA79AC9-B42E-452F-8063-9F43C45BAD20}.Debug|Any CPU.Build.0 = Debug|Any CPU
		{4BA79AC9-B42E-452F-8063-9F43C45BAD20}.Release|Any CPU.ActiveCfg = Release|Any CPU
		{4BA79AC9-B42E-452F-8063-9F43C45BAD20}.Release|Any CPU.Build.0 = Release|Any CPU
		{8DE6ABE6-0F68-482F-8437-6C8A6F01FEF0}.Debug|Any CPU.ActiveCfg = Debug|Any CPU
		{8DE6ABE6-0F68-482F-8437-6C8A6F01FEF0}.Debug|Any CPU.Build.0 = Debug|Any CPU
		{8DE6ABE6-0F68-482F-8437-6C8A6F01FEF0}.Release|Any CPU.ActiveCfg = Release|Any CPU
		{8DE6ABE6-0F68-482F-8437-6C8A6F01FEF0}.Release|Any CPU.Build.0 = Release|Any CPU
		{737D63F2-1972-4771-8207-8F149988240B}.Debug|Any CPU.ActiveCfg = Debug|Any CPU
		{737D63F2-1972-4771-8207-8F149988240B}.Debug|Any CPU.Build.0 = Debug|Any CPU
		{737D63F2-1972-4771-8207-8F149988240B}.Release|Any CPU.ActiveCfg = Release|Any CPU
		{737D63F2-1972-4771-8207-8F149988240B}.Release|Any CPU.Build.0 = Release|Any CPU
	EndGlobalSection
	GlobalSection(SolutionProperties) = preSolution
		HideSolutionNode = FALSE
	EndGlobalSection
	GlobalSection(ExtensibilityGlobals) = postSolution
		SolutionGuid = {853CA2CA-F995-4906-8607-4521840DC0B9}
	EndGlobalSection
EndGlobal
